
Microsoft Visual Studio Solution File, Format Version 12.00
# Visual Studio 14
VisualStudioVersion = 14.0.25420.1
MinimumVisualStudioVersion = 10.0.40219.1
Project("{FAE04EC0-301F-11D3-BF4B-00C04F79EFBC}") = "OpenChain.Client", "OpenChain.Client\OpenChain.Client.csproj", "{8165AE78-3CB9-4264-8710-4CAA5EBC94AE}"
EndProject
Project("{FAE04EC0-301F-11D3-BF4B-00C04F79EFBC}") = "Openchain.Client.ConsoleTest", "Openchain.Client.ConsoleTest\Openchain.Client.ConsoleTest.csproj", "{944A1C22-7A7A-49C1-B5A1-86669B52B2F1}"
EndProject
Project("{8BB2217D-0F2D-49D1-97BC-3654ED321F3B}") = "testweb", "testweb\testweb.xproj", "{E1857563-51B7-4F24-8977-153AA53809A4}"
EndProject
Project("{8BB2217D-0F2D-49D1-97BC-3654ED321F3B}") = "web2", "web2\web2.xproj", "{C9AE4AF7-C553-41B9-95C3-D5B58417CFDB}"
EndProject
Global
	GlobalSection(SolutionConfigurationPlatforms) = preSolution
		Debug|Any CPU = Debug|Any CPU
		Release|Any CPU = Release|Any CPU
	EndGlobalSection
	GlobalSection(ProjectConfigurationPlatforms) = postSolution
		{8165AE78-3CB9-4264-8710-4CAA5EBC94AE}.Debug|Any CPU.ActiveCfg = Debug|Any CPU
		{8165AE78-3CB9-4264-8710-4CAA5EBC94AE}.Debug|Any CPU.Build.0 = Debug|Any CPU
		{8165AE78-3CB9-4264-8710-4CAA5EBC94AE}.Release|Any CPU.ActiveCfg = Release|Any CPU
		{8165AE78-3CB9-4264-8710-4CAA5EBC94AE}.Release|Any CPU.Build.0 = Release|Any CPU
		{944A1C22-7A7A-49C1-B5A1-86669B52B2F1}.Debug|Any CPU.ActiveCfg = Debug|Any CPU
		{944A1C22-7A7A-49C1-B5A1-86669B52B2F1}.Debug|Any CPU.Build.0 = Debug|Any CPU
		{944A1C22-7A7A-49C1-B5A1-86669B52B2F1}.Release|Any CPU.ActiveCfg = Release|Any CPU
		{944A1C22-7A7A-49C1-B5A1-86669B52B2F1}.Release|Any CPU.Build.0 = Release|Any CPU
		{E1857563-51B7-4F24-8977-153AA53809A4}.Debug|Any CPU.ActiveCfg = Debug|Any CPU
		{E1857563-51B7-4F24-8977-153AA53809A4}.Debug|Any CPU.Build.0 = Debug|Any CPU
		{E1857563-51B7-4F24-8977-153AA53809A4}.Release|Any CPU.ActiveCfg = Release|Any CPU
		{E1857563-51B7-4F24-8977-153AA53809A4}.Release|Any CPU.Build.0 = Release|Any CPU
		{C9AE4AF7-C553-41B9-95C3-D5B58417CFDB}.Debug|Any CPU.ActiveCfg = Debug|Any CPU
		{C9AE4AF7-C553-41B9-95C3-D5B58417CFDB}.Debug|Any CPU.Build.0 = Debug|Any CPU
		{C9AE4AF7-C553-41B9-95C3-D5B58417CFDB}.Release|Any CPU.ActiveCfg = Release|Any CPU
		{C9AE4AF7-C553-41B9-95C3-D5B58417CFDB}.Release|Any CPU.Build.0 = Release|Any CPU
	EndGlobalSection
	GlobalSection(SolutionProperties) = preSolution
		HideSolutionNode = FALSE
	EndGlobalSection
EndGlobal
